// !$*UTF8*$!
{
	archiveVersion = 1;
	classes = {
	};
	objectVersion = 77;
	objects = {

/* Begin PBXBuildFile section */
		0090FB36643C7D71C4BE47DD /* Palette.swift in Sources */ = {isa = PBXBuildFile; fileRef = E823597CCF1CD50A5011EDE9 /* Palette.swift */; };
		04A68DD56BB569C4B41E8075 /* FavoritesView.swift in Sources */ = {isa = PBXBuildFile; fileRef = 7068A6E7F367B07A43EFC336 /* FavoritesView.swift */; };
		0649DB4919CFAD5A3CFC1EBA /* MapsConfig.swift in Sources */ = {isa = PBXBuildFile; fileRef = D83E62CFEA92F3BD697C3493 /* MapsConfig.swift */; };
		13F26D245255CED8F6F6D8F2 /* Endpoints.swift in Sources */ = {isa = PBXBuildFile; fileRef = AEABBAA43AEC6C3BBB707E94 /* Endpoints.swift */; };
		14DAE224B34FB00D070E9E5C /* Copy.swift in Sources */ = {isa = PBXBuildFile; fileRef = 306B702B8A26340C493D9B9F /* Copy.swift */; };
		26F420CEA5D465057DA7B27D /* restaurants.json in Resources */ = {isa = PBXBuildFile; fileRef = A98FF18AB7352F2071C01E14 /* restaurants.json */; };
		2CA2AA66B894F6436BB4695C /* NearbyViewModel.swift in Sources */ = {isa = PBXBuildFile; fileRef = E86575C07970BC3E2F3D8E66 /* NearbyViewModel.swift */; };
		3227F61F965FA6369B0BCEA0 /* DebugLocationOverride.swift in Sources */ = {isa = PBXBuildFile; fileRef = 77F5F6F9C576178B15319815 /* DebugLocationOverride.swift */; };
		357F55F09E0733E4FC1D715E /* NearbyView.swift in Sources */ = {isa = PBXBuildFile; fileRef = E348B2EF8A7D2F40FEAF865A /* NearbyView.swift */; };
		4C7D3B0D11FFC89A4A41DC03 /* LocationService.swift in Sources */ = {isa = PBXBuildFile; fileRef = D7F592DE757E41FF96AA5786 /* LocationService.swift */; };
		4FD8E9F424DE7D3DA24C4D3C /* MoodChoiceCard.swift in Sources */ = {isa = PBXBuildFile; fileRef = 5596DA671559CAAC3DB5E2C0 /* MoodChoiceCard.swift */; };
		568F9AC4F2AC6928C358E7C2 /* PreferenceActionFooter.swift in Sources */ = {isa = PBXBuildFile; fileRef = 3D967C9D57D53BE1B350BD07 /* PreferenceActionFooter.swift */; };
		57E954F13A46B371E00F4F06 /* Assets.xcassets in Resources */ = {isa = PBXBuildFile; fileRef = 683267D9139BFC5DB72D9BEE /* Assets.xcassets */; };
		5B2BFF89B301FC7892E02C05 /* APIError.swift in Sources */ = {isa = PBXBuildFile; fileRef = 51BA9571215449F471D390E1 /* APIError.swift */; };
		5B4DF37EA249496E90AE92F6 /* CravingSelectionSerializationTests.swift in Sources */ = {isa = PBXBuildFile; fileRef = AD6E0FE06AFF4354B5BF52F6 /* CravingSelectionSerializationTests.swift */; };
		5C7FBB5938DCF9F9FDC8BBB6 /* SettingsView.swift in Sources */ = {isa = PBXBuildFile; fileRef = 77C0AFFB3EF9BB10FBC7965D /* SettingsView.swift */; };
		5F0FAAE9818C48C93D355EFB /* APIClient.swift in Sources */ = {isa = PBXBuildFile; fileRef = 651EAF0CDE373FFCEA468C00 /* APIClient.swift */; };
		657790745A0986B96D235782 /* MakanApaTopBar.swift in Sources */ = {isa = PBXBuildFile; fileRef = C8A03FA5A08D77E21884C31C /* MakanApaTopBar.swift */; };
		669A792B87E4F4EFBF608FD5 /* PreferenceChoiceRow.swift in Sources */ = {isa = PBXBuildFile; fileRef = 23CF20F8EDDFAED7BBB91B50 /* PreferenceChoiceRow.swift */; };
		6A95C0097A867A225E31EDF5 /* Motion.swift in Sources */ = {isa = PBXBuildFile; fileRef = FF8FA63B189F8F7327E20578 /* Motion.swift */; };
		BBB916717547DDA1668C4BBA /* DiscoveryMode.swift in Sources */ = {isa = PBXBuildFile; fileRef = D062D7B1DB437BC7FDEEE032 /* DiscoveryMode.swift */; };
		57B6E5AE416CC7924175DE73 /* InstallationID.swift in Sources */ = {isa = PBXBuildFile; fileRef = 7336BA88FE9EFB19BDE9A434 /* InstallationID.swift */; };
		6BD18ED6ACDA339474E3F6CE /* ThinkingChecklist.swift in Sources */ = {isa = PBXBuildFile; fileRef = 0A55EE8915F3A78097AD08A9 /* ThinkingChecklist.swift */; };
		6C5F9C7639CFB53541A3A0D7 /* PreferenceLoadingView.swift in Sources */ = {isa = PBXBuildFile; fileRef = 3DFAA607EA690164F6660005 /* PreferenceLoadingView.swift */; };
		72CD7F7BDC6576029CFAB2AE /* ResultView.swift in Sources */ = {isa = PBXBuildFile; fileRef = E7BD5EEA617BF7BDBF1D1FD5 /* ResultView.swift */; };
		7DF9C7AFC1C74E6D721D96BF /* MoodSelectionView.swift in Sources */ = {isa = PBXBuildFile; fileRef = C24796ABA6D014B8D09AACF2 /* MoodSelectionView.swift */; };
		7E60E3F3BF179DCD9F515F06 /* MakanPrimaryButton.swift in Sources */ = {isa = PBXBuildFile; fileRef = 37B00B39706B3E9E4A9F0A29 /* MakanPrimaryButton.swift */; };
		857D33720AF5D1C5D3D14575 /* RecentDecisionStore.swift in Sources */ = {isa = PBXBuildFile; fileRef = 001E9DD4DCD505BDCC84A55D /* RecentDecisionStore.swift */; };
		8943264B97E2A61A5D50F61B /* MakanApaApp.swift in Sources */ = {isa = PBXBuildFile; fileRef = 09287437BC53CD13153BE4A7 /* MakanApaApp.swift */; };
		8A891FFE93ED86605C07CEC5 /* HomeView.swift in Sources */ = {isa = PBXBuildFile; fileRef = B459312E9025F68024DF77A1 /* HomeView.swift */; };
		9F8FEBCEF0D562AFB788192D /* PreferenceProgressHeader.swift in Sources */ = {isa = PBXBuildFile; fileRef = FE044BA6E0E05B54F59BE7CC /* PreferenceProgressHeader.swift */; };
		B4D505A8D9C37252D4C7354D /* PreferenceView.swift in Sources */ = {isa = PBXBuildFile; fileRef = 011E6031DBB15CA7420E8B83 /* PreferenceView.swift */; };
		B9970E5B3E021F59B98DDBAC /* SoloViewModel.swift in Sources */ = {isa = PBXBuildFile; fileRef = 676DDD5174F3FF818051408B /* SoloViewModel.swift */; };
		BB1437851B22269710786978 /* GoogleMaps in Frameworks */ = {isa = PBXBuildFile; productRef = 2A55BF6BCA7D5A735ED224F9 /* GoogleMaps */; };
		BC94D94A231B1FF96C8005DF /* MakanChoiceTile.swift in Sources */ = {isa = PBXBuildFile; fileRef = C5B5432A6DF93D3E3D07F282 /* MakanChoiceTile.swift */; };
		BCB3A5AD491B585C4FECB2C6 /* PlacePreferencesStore.swift in Sources */ = {isa = PBXBuildFile; fileRef = 2D9E55980CA468D6922E9311 /* PlacePreferencesStore.swift */; };
		BDE5AC420B525AEC087FC3C6 /* LocationPermissionView.swift in Sources */ = {isa = PBXBuildFile; fileRef = 75DD8BE9D9B48BB2AF3243AD /* LocationPermissionView.swift */; };
		C71AFC17F937F6B8C4BB44E8 /* PricePresentation.swift in Sources */ = {isa = PBXBuildFile; fileRef = CA943B15A88F864024FFA281 /* PricePresentation.swift */; };
		C8FD99C228734AC224823C66 /* MascotView.swift in Sources */ = {isa = PBXBuildFile; fileRef = 729D8427BD8EF410E03874B2 /* MascotView.swift */; };
		CE0082C2305A8EE0006B8569 /* PrivacyInfo.xcprivacy in Resources */ = {isa = PBXBuildFile; fileRef = CE0082C1305A8EE0006B8569 /* PrivacyInfo.xcprivacy */; };
		D4C8FC307C588E0A30A59333 /* AppRouter.swift in Sources */ = {isa = PBXBuildFile; fileRef = 217BC4E792F65DECF27B6B66 /* AppRouter.swift */; };
		D9E3298186267729CEC217A0 /* Typography.swift in Sources */ = {isa = PBXBuildFile; fileRef = E4C2E6778243985350051EB2 /* Typography.swift */; };
		DCB0FD0C5F875D647570297F /* AnimatedMakanMascot.swift in Sources */ = {isa = PBXBuildFile; fileRef = 4D34F6D670FE277FEE917869 /* AnimatedMakanMascot.swift */; };
		E85AC4C35311E38D93FB589D /* NearbyMapView.swift in Sources */ = {isa = PBXBuildFile; fileRef = ACD1944D39B475AD84113B38 /* NearbyMapView.swift */; };
		F43AB480E1DD9CEFBCA5BC8A /* PreferenceStepHeading.swift in Sources */ = {isa = PBXBuildFile; fileRef = F40FD947C8047ACFB42F9C9F /* PreferenceStepHeading.swift */; };
/* End PBXBuildFile section */

/* Begin PBXContainerItemProxy section */
		F19031B0CBA6752F7BE0662D /* PBXContainerItemProxy */ = {
			isa = PBXContainerItemProxy;
			containerPortal = 14648CA29CBC730A0EF22059 /* Project object */;
			proxyType = 1;
			remoteGlobalIDString = B88585201835D1B2EC84A334;
			remoteInfo = MakanApa;
		};
/* End PBXContainerItemProxy section */

/* Begin PBXFileReference section */
		001E9DD4DCD505BDCC84A55D /* RecentDecisionStore.swift */ = {isa = PBXFileReference; lastKnownFileType = sourcecode.swift; path = RecentDecisionStore.swift; sourceTree = "<group>"; };
		011E6031DBB15CA7420E8B83 /* PreferenceView.swift */ = {isa = PBXFileReference; lastKnownFileType = sourcecode.swift; path = PreferenceView.swift; sourceTree = "<group>"; };
		09287437BC53CD13153BE4A7 /* MakanApaApp.swift */ = {isa = PBXFileReference; lastKnownFileType = sourcecode.swift; path = MakanApaApp.swift; sourceTree = "<group>"; };
		0A55EE8915F3A78097AD08A9 /* ThinkingChecklist.swift */ = {isa = PBXFileReference; lastKnownFileType = sourcecode.swift; path = ThinkingChecklist.swift; sourceTree = "<group>"; };
		1A04E8CDC6F1958B90CA50EA /* MakanApaTests.xctest */ = {isa = PBXFileReference; includeInIndex = 0; lastKnownFileType = wrapper.cfbundle; path = MakanApaTests.xctest; sourceTree = BUILT_PRODUCTS_DIR; };
		217BC4E792F65DECF27B6B66 /* AppRouter.swift */ = {isa = PBXFileReference; lastKnownFileType = sourcecode.swift; path = AppRouter.swift; sourceTree = "<group>"; };
		23CF20F8EDDFAED7BBB91B50 /* PreferenceChoiceRow.swift */ = {isa = PBXFileReference; lastKnownFileType = sourcecode.swift; path = PreferenceChoiceRow.swift; sourceTree = "<group>"; };
		2D9E55980CA468D6922E9311 /* PlacePreferencesStore.swift */ = {isa = PBXFileReference; lastKnownFileType = sourcecode.swift; path = PlacePreferencesStore.swift; sourceTree = "<group>"; };
		306B702B8A26340C493D9B9F /* Copy.swift */ = {isa = PBXFileReference; lastKnownFileType = sourcecode.swift; path = Copy.swift; sourceTree = "<group>"; };
		37B00B39706B3E9E4A9F0A29 /* MakanPrimaryButton.swift */ = {isa = PBXFileReference; lastKnownFileType = sourcecode.swift; path = MakanPrimaryButton.swift; sourceTree = "<group>"; };
		3D967C9D57D53BE1B350BD07 /* PreferenceActionFooter.swift */ = {isa = PBXFileReference; lastKnownFileType = sourcecode.swift; path = PreferenceActionFooter.swift; sourceTree = "<group>"; };
		3DFAA607EA690164F6660005 /* PreferenceLoadingView.swift */ = {isa = PBXFileReference; lastKnownFileType = sourcecode.swift; path = PreferenceLoadingView.swift; sourceTree = "<group>"; };
		499DB7140BDB99BFCF6F9979 /* Info.plist */ = {isa = PBXFileReference; lastKnownFileType = text.plist; path = Info.plist; sourceTree = "<group>"; };
		4D34F6D670FE277FEE917869 /* AnimatedMakanMascot.swift */ = {isa = PBXFileReference; lastKnownFileType = sourcecode.swift; path = AnimatedMakanMascot.swift; sourceTree = "<group>"; };
		51BA9571215449F471D390E1 /* APIError.swift */ = {isa = PBXFileReference; lastKnownFileType = sourcecode.swift; path = APIError.swift; sourceTree = "<group>"; };
		5596DA671559CAAC3DB5E2C0 /* MoodChoiceCard.swift */ = {isa = PBXFileReference; lastKnownFileType = sourcecode.swift; path = MoodChoiceCard.swift; sourceTree = "<group>"; };
		651EAF0CDE373FFCEA468C00 /* APIClient.swift */ = {isa = PBXFileReference; lastKnownFileType = sourcecode.swift; path = APIClient.swift; sourceTree = "<group>"; };
		676DDD5174F3FF818051408B /* SoloViewModel.swift */ = {isa = PBXFileReference; lastKnownFileType = sourcecode.swift; path = SoloViewModel.swift; sourceTree = "<group>"; };
		683267D9139BFC5DB72D9BEE /* Assets.xcassets */ = {isa = PBXFileReference; lastKnownFileType = folder.assetcatalog; path = Assets.xcassets; sourceTree = "<group>"; };
		7068A6E7F367B07A43EFC336 /* FavoritesView.swift */ = {isa = PBXFileReference; lastKnownFileType = sourcecode.swift; path = FavoritesView.swift; sourceTree = "<group>"; };
		729D8427BD8EF410E03874B2 /* MascotView.swift */ = {isa = PBXFileReference; lastKnownFileType = sourcecode.swift; path = MascotView.swift; sourceTree = "<group>"; };
		75DD8BE9D9B48BB2AF3243AD /* LocationPermissionView.swift */ = {isa = PBXFileReference; lastKnownFileType = sourcecode.swift; path = LocationPermissionView.swift; sourceTree = "<group>"; };
		77C0AFFB3EF9BB10FBC7965D /* SettingsView.swift */ = {isa = PBXFileReference; includeInIndex = 1; lastKnownFileType = sourcecode.swift; name = SettingsView.swift; path = Settings/SettingsView.swift; sourceTree = "<group>"; };
		77F5F6F9C576178B15319815 /* DebugLocationOverride.swift */ = {isa = PBXFileReference; lastKnownFileType = sourcecode.swift; path = DebugLocationOverride.swift; sourceTree = "<group>"; };
		A98FF18AB7352F2071C01E14 /* restaurants.json */ = {isa = PBXFileReference; lastKnownFileType = text.json; path = restaurants.json; sourceTree = "<group>"; };
		ACD1944D39B475AD84113B38 /* NearbyMapView.swift */ = {isa = PBXFileReference; includeInIndex = 1; lastKnownFileType = sourcecode.swift; name = NearbyMapView.swift; path = Nearby/NearbyMapView.swift; sourceTree = "<group>"; };
		AD6E0FE06AFF4354B5BF52F6 /* CravingSelectionSerializationTests.swift */ = {isa = PBXFileReference; lastKnownFileType = sourcecode.swift; path = CravingSelectionSerializationTests.swift; sourceTree = "<group>"; };
		AEABBAA43AEC6C3BBB707E94 /* Endpoints.swift */ = {isa = PBXFileReference; lastKnownFileType = sourcecode.swift; path = Endpoints.swift; sourceTree = "<group>"; };
		B459312E9025F68024DF77A1 /* HomeView.swift */ = {isa = PBXFileReference; lastKnownFileType = sourcecode.swift; path = HomeView.swift; sourceTree = "<group>"; };
		C24796ABA6D014B8D09AACF2 /* MoodSelectionView.swift */ = {isa = PBXFileReference; lastKnownFileType = sourcecode.swift; path = MoodSelectionView.swift; sourceTree = "<group>"; };
		C5B5432A6DF93D3E3D07F282 /* MakanChoiceTile.swift */ = {isa = PBXFileReference; lastKnownFileType = sourcecode.swift; path = MakanChoiceTile.swift; sourceTree = "<group>"; };
		C8A03FA5A08D77E21884C31C /* MakanApaTopBar.swift */ = {isa = PBXFileReference; lastKnownFileType = sourcecode.swift; path = MakanApaTopBar.swift; sourceTree = "<group>"; };
		CA943B15A88F864024FFA281 /* PricePresentation.swift */ = {isa = PBXFileReference; lastKnownFileType = sourcecode.swift; path = PricePresentation.swift; sourceTree = "<group>"; };
		CE0082C1305A8EE0006B8569 /* PrivacyInfo.xcprivacy */ = {isa = PBXFileReference; lastKnownFileType = text.xml; path = PrivacyInfo.xcprivacy; sourceTree = "<group>"; };
		D7F592DE757E41FF96AA5786 /* LocationService.swift */ = {isa = PBXFileReference; lastKnownFileType = sourcecode.swift; path = LocationService.swift; sourceTree = "<group>"; };
		D83E62CFEA92F3BD697C3493 /* MapsConfig.swift */ = {isa = PBXFileReference; includeInIndex = 1; lastKnownFileType = sourcecode.swift; name = MapsConfig.swift; path = Map/MapsConfig.swift; sourceTree = "<group>"; };
		E348B2EF8A7D2F40FEAF865A /* NearbyView.swift */ = {isa = PBXFileReference; includeInIndex = 1; lastKnownFileType = sourcecode.swift; name = NearbyView.swift; path = Nearby/NearbyView.swift; sourceTree = "<group>"; };
		E4C2E6778243985350051EB2 /* Typography.swift */ = {isa = PBXFileReference; lastKnownFileType = sourcecode.swift; path = Typography.swift; sourceTree = "<group>"; };
		E5F436EA902AE1A46B6C8B77 /* MakanApa.app */ = {isa = PBXFileReference; explicitFileType = wrapper.application; includeInIndex = 0; path = MakanApa.app; sourceTree = BUILT_PRODUCTS_DIR; };
		E7BD5EEA617BF7BDBF1D1FD5 /* ResultView.swift */ = {isa = PBXFileReference; lastKnownFileType = sourcecode.swift; path = ResultView.swift; sourceTree = "<group>"; };
		E823597CCF1CD50A5011EDE9 /* Palette.swift */ = {isa = PBXFileReference; lastKnownFileType = sourcecode.swift; path = Palette.swift; sourceTree = "<group>"; };
		E86575C07970BC3E2F3D8E66 /* NearbyViewModel.swift */ = {isa = PBXFileReference; includeInIndex = 1; lastKnownFileType = sourcecode.swift; name = NearbyViewModel.swift; path = Nearby/NearbyViewModel.swift; sourceTree = "<group>"; };
		F40FD947C8047ACFB42F9C9F /* PreferenceStepHeading.swift */ = {isa = PBXFileReference; lastKnownFileType = sourcecode.swift; path = PreferenceStepHeading.swift; sourceTree = "<group>"; };
		FE044BA6E0E05B54F59BE7CC /* PreferenceProgressHeader.swift */ = {isa = PBXFileReference; lastKnownFileType = sourcecode.swift; path = PreferenceProgressHeader.swift; sourceTree = "<group>"; };
		FF8FA63B189F8F7327E20578 /* Motion.swift */ = {isa = PBXFileReference; lastKnownFileType = sourcecode.swift; path = Motion.swift; sourceTree = "<group>"; };
		D062D7B1DB437BC7FDEEE032 /* DiscoveryMode.swift */ = {isa = PBXFileReference; lastKnownFileType = sourcecode.swift; path = DiscoveryMode.swift; sourceTree = "<group>"; };
		7336BA88FE9EFB19BDE9A434 /* InstallationID.swift */ = {isa = PBXFileReference; lastKnownFileType = sourcecode.swift; path = InstallationID.swift; sourceTree = "<group>"; };
/* End PBXFileReference section */

/* Begin PBXFrameworksBuildPhase section */
		0FEC259F8393AB94C3574A11 /* Frameworks */ = {
			isa = PBXFrameworksBuildPhase;
			buildActionMask = 2147483647;
			files = (
				BB1437851B22269710786978 /* GoogleMaps in Frameworks */,
			);
			runOnlyForDeploymentPostprocessing = 0;
		};
/* End PBXFrameworksBuildPhase section */

/* Begin PBXGroup section */
		06C9463FC641A4C2F3E54F64 /* Features */ = {
			isa = PBXGroup;
			children = (
				0B770F667258CD7D0B04EFC1 /* Home */,
				BFADF2C6ADCB6DE37EB66D0C /* Result */,
				9E1A840A9A06159719A2F591 /* Solo */,
				866D034159FB73D88DCB47FF /* Nearby */,
				3053A0CD247958DDA81C0907 /* Settings */,
				D9584167465565F39308FAEA /* Favorites */,
			);
			path = Features;
			sourceTree = "<group>";
		};
		0A2C37FFCE6E437A66DA4DB0 /* fixtures */ = {
			isa = PBXGroup;
			children = (
				A98FF18AB7352F2071C01E14 /* restaurants.json */,
			);
			name = fixtures;
			path = ../fixtures;
			sourceTree = "<group>";
		};
		0B770F667258CD7D0B04EFC1 /* Home */ = {
			isa = PBXGroup;
			children = (
				B459312E9025F68024DF77A1 /* HomeView.swift */,
			);
			path = Home;
			sourceTree = "<group>";
		};
		0E30E7A7002E151AEB63935D = {
			isa = PBXGroup;
			children = (
				0A2C37FFCE6E437A66DA4DB0 /* fixtures */,
				234C7B3EB4C2B4691EE5230D /* MakanApa */,
				6470C1D0A2DA506BB2CA3438 /* MakanApaTests */,
				A0DC9F4EF41803B45CFC6CEA /* Products */,
			);
			sourceTree = "<group>";
		};
		234C7B3EB4C2B4691EE5230D /* MakanApa */ = {
			isa = PBXGroup;
			children = (
				499DB7140BDB99BFCF6F9979 /* Info.plist */,
				BCE64D809F8FF7BE2592776B /* App */,
				FBC7439E66BE36D77444C27F /* Core */,
				06C9463FC641A4C2F3E54F64 /* Features */,
				4E27FFC2EABB76DEABAC8AE7 /* Resources */,
			);
			path = MakanApa;
			sourceTree = "<group>";
		};
		3053A0CD247958DDA81C0907 /* Settings */ = {
			isa = PBXGroup;
			children = (
				77C0AFFB3EF9BB10FBC7965D /* SettingsView.swift */,
			);
			name = Settings;
			sourceTree = "<group>";
		};
		493BE46F243EC9877611E727 /* DesignSystem */ = {
			isa = PBXGroup;
			children = (
				306B702B8A26340C493D9B9F /* Copy.swift */,
				E823597CCF1CD50A5011EDE9 /* Palette.swift */,
				E4C2E6778243985350051EB2 /* Typography.swift */,
				FF8FA63B189F8F7327E20578 /* Motion.swift */,
				5DF9973ADF696EF759A7A0DE /* Components */,
			);
			path = DesignSystem;
			sourceTree = "<group>";
		};
		4E27FFC2EABB76DEABAC8AE7 /* Resources */ = {
			isa = PBXGroup;
			children = (
				CE0082C1305A8EE0006B8569 /* PrivacyInfo.xcprivacy */,
				683267D9139BFC5DB72D9BEE /* Assets.xcassets */,
			);
			path = Resources;
			sourceTree = "<group>";
		};
		5DE399114775FCFCE1F7E109 /* API */ = {
			isa = PBXGroup;
			children = (
				651EAF0CDE373FFCEA468C00 /* APIClient.swift */,
				51BA9571215449F471D390E1 /* APIError.swift */,
				AEABBAA43AEC6C3BBB707E94 /* Endpoints.swift */,
				D062D7B1DB437BC7FDEEE032 /* DiscoveryMode.swift */,
			);
			path = API;
			sourceTree = "<group>";
		};
		5DF9973ADF696EF759A7A0DE /* Components */ = {
			isa = PBXGroup;
			children = (
				C8A03FA5A08D77E21884C31C /* MakanApaTopBar.swift */,
				C5B5432A6DF93D3E3D07F282 /* MakanChoiceTile.swift */,
				37B00B39706B3E9E4A9F0A29 /* MakanPrimaryButton.swift */,
				729D8427BD8EF410E03874B2 /* MascotView.swift */,
			);
			path = Components;
			sourceTree = "<group>";
		};
		6470C1D0A2DA506BB2CA3438 /* MakanApaTests */ = {
			isa = PBXGroup;
			children = (
				AD6E0FE06AFF4354B5BF52F6 /* CravingSelectionSerializationTests.swift */,
			);
			path = MakanApaTests;
			sourceTree = "<group>";
		};
		866D034159FB73D88DCB47FF /* Nearby */ = {
			isa = PBXGroup;
			children = (
				E86575C07970BC3E2F3D8E66 /* NearbyViewModel.swift */,
				ACD1944D39B475AD84113B38 /* NearbyMapView.swift */,
				E348B2EF8A7D2F40FEAF865A /* NearbyView.swift */,
			);
			name = Nearby;
			sourceTree = "<group>";
		};
		9E1A840A9A06159719A2F591 /* Solo */ = {
			isa = PBXGroup;
			children = (
				4D34F6D670FE277FEE917869 /* AnimatedMakanMascot.swift */,
				5596DA671559CAAC3DB5E2C0 /* MoodChoiceCard.swift */,
				C24796ABA6D014B8D09AACF2 /* MoodSelectionView.swift */,
				3D967C9D57D53BE1B350BD07 /* PreferenceActionFooter.swift */,
				23CF20F8EDDFAED7BBB91B50 /* PreferenceChoiceRow.swift */,
				3DFAA607EA690164F6660005 /* PreferenceLoadingView.swift */,
				FE044BA6E0E05B54F59BE7CC /* PreferenceProgressHeader.swift */,
				F40FD947C8047ACFB42F9C9F /* PreferenceStepHeading.swift */,
				011E6031DBB15CA7420E8B83 /* PreferenceView.swift */,
				676DDD5174F3FF818051408B /* SoloViewModel.swift */,
				0A55EE8915F3A78097AD08A9 /* ThinkingChecklist.swift */,
			);
			path = Solo;
			sourceTree = "<group>";
		};
		A0DC9F4EF41803B45CFC6CEA /* Products */ = {
			isa = PBXGroup;
			children = (
				E5F436EA902AE1A46B6C8B77 /* MakanApa.app */,
				1A04E8CDC6F1958B90CA50EA /* MakanApaTests.xctest */,
			);
			name = Products;
			sourceTree = "<group>";
		};
		AE4FC7CEE2BE8A2876729C94 /* Location */ = {
			isa = PBXGroup;
			children = (
				77F5F6F9C576178B15319815 /* DebugLocationOverride.swift */,
				75DD8BE9D9B48BB2AF3243AD /* LocationPermissionView.swift */,
				D7F592DE757E41FF96AA5786 /* LocationService.swift */,
			);
			path = Location;
			sourceTree = "<group>";
		};
		BCE64D809F8FF7BE2592776B /* App */ = {
			isa = PBXGroup;
			children = (
				217BC4E792F65DECF27B6B66 /* AppRouter.swift */,
				09287437BC53CD13153BE4A7 /* MakanApaApp.swift */,
			);
			path = App;
			sourceTree = "<group>";
		};
		BFADF2C6ADCB6DE37EB66D0C /* Result */ = {
			isa = PBXGroup;
			children = (
				E7BD5EEA617BF7BDBF1D1FD5 /* ResultView.swift */,
			);
			path = Result;
			sourceTree = "<group>";
		};
		D9584167465565F39308FAEA /* Favorites */ = {
			isa = PBXGroup;
			children = (
				7068A6E7F367B07A43EFC336 /* FavoritesView.swift */,
			);
			path = Favorites;
			sourceTree = "<group>";
		};
		E656FBA6DD08232D4E4E5A56 /* Map */ = {
			isa = PBXGroup;
			children = (
				D83E62CFEA92F3BD697C3493 /* MapsConfig.swift */,
			);
			name = Map;
			sourceTree = "<group>";
		};
		EEAE6AE0596F3FDC854F81EC /* Data */ = {
			isa = PBXGroup;
			children = (
				2D9E55980CA468D6922E9311 /* PlacePreferencesStore.swift */,
				001E9DD4DCD505BDCC84A55D /* RecentDecisionStore.swift */,
				7336BA88FE9EFB19BDE9A434 /* InstallationID.swift */,
			);
			path = Data;
			sourceTree = "<group>";
		};
		F91936700A78EBC1518427EC /* Presentation */ = {
			isa = PBXGroup;
			children = (
				CA943B15A88F864024FFA281 /* PricePresentation.swift */,
			);
			path = Presentation;
			sourceTree = "<group>";
		};
		FBC7439E66BE36D77444C27F /* Core */ = {
			isa = PBXGroup;
			children = (
				5DE399114775FCFCE1F7E109 /* API */,
				493BE46F243EC9877611E727 /* DesignSystem */,
				AE4FC7CEE2BE8A2876729C94 /* Location */,
				F91936700A78EBC1518427EC /* Presentation */,
				E656FBA6DD08232D4E4E5A56 /* Map */,
				EEAE6AE0596F3FDC854F81EC /* Data */,
			);
			path = Core;
			sourceTree = "<group>";
		};
/* End PBXGroup section */

/* Begin PBXNativeTarget section */
		B6B3465C0FF7B5ED979F4253 /* MakanApaTests */ = {
			isa = PBXNativeTarget;
			buildConfigurationList = 6335CE12654D38553C4DBEC2 /* Build configuration list for PBXNativeTarget "MakanApaTests" */;
			buildPhases = (
				915F932691F780AB005FCB11 /* Sources */,
			);
			buildRules = (
			);
			dependencies = (
				633DA59517E27607EB75A67D /* PBXTargetDependency */,
			);
			name = MakanApaTests;
			productName = MakanApaTests;
			productReference = 1A04E8CDC6F1958B90CA50EA /* MakanApaTests.xctest */;
			productType = "com.apple.product-type.bundle.unit-test";
		};
		B88585201835D1B2EC84A334 /* MakanApa */ = {
			isa = PBXNativeTarget;
			buildConfigurationList = 0AB6A93803AB4014696B30CC /* Build configuration list for PBXNativeTarget "MakanApa" */;
			buildPhases = (
				E99C9D59EC292950BA4E4E72 /* Sources */,
				185723508EDECF81A7BD6218 /* Resources */,
				0FEC259F8393AB94C3574A11 /* Frameworks */,
			);
			buildRules = (
			);
			dependencies = (
			);
			name = MakanApa;
			packageProductDependencies = (
				2A55BF6BCA7D5A735ED224F9 /* GoogleMaps */,
			);
			productName = MakanApa;
			productReference = E5F436EA902AE1A46B6C8B77 /* MakanApa.app */;
			productType = "com.apple.product-type.application";
		};
/* End PBXNativeTarget section */

/* Begin PBXProject section */
		14648CA29CBC730A0EF22059 /* Project object */ = {
			isa = PBXProject;
			attributes = {
				BuildIndependentTargetsInParallel = YES;
				LastUpgradeCheck = 1430;
			};
			buildConfigurationList = F5A59F5F6EB6B79353C6264D /* Build configuration list for PBXProject "MakanApa" */;
			developmentRegion = en;
			hasScannedForEncodings = 0;
			knownRegions = (
				Base,
				en,
			);
			mainGroup = 0E30E7A7002E151AEB63935D;
			minimizedProjectReferenceProxies = 1;
			packageReferences = (
				10FFDD2A10D57BDF1BB1FD01 /* XCRemoteSwiftPackageReference "ios-maps-sdk" */,
			);
			preferredProjectObjectVersion = 77;
			productRefGroup = A0DC9F4EF41803B45CFC6CEA /* Products */;
			projectDirPath = "";
			projectRoot = "";
			targets = (
				B88585201835D1B2EC84A334 /* MakanApa */,
				B6B3465C0FF7B5ED979F4253 /* MakanApaTests */,
			);
		};
/* End PBXProject section */

/* Begin PBXResourcesBuildPhase section */
		185723508EDECF81A7BD6218 /* Resources */ = {
			isa = PBXResourcesBuildPhase;
			buildActionMask = 2147483647;
			files = (
				CE0082C2305A8EE0006B8569 /* PrivacyInfo.xcprivacy in Resources */,
				57E954F13A46B371E00F4F06 /* Assets.xcassets in Resources */,
				26F420CEA5D465057DA7B27D /* restaurants.json in Resources */,
			);
			runOnlyForDeploymentPostprocessing = 0;
		};
/* End PBXResourcesBuildPhase section */

/* Begin PBXSourcesBuildPhase section */
		915F932691F780AB005FCB11 /* Sources */ = {
			isa = PBXSourcesBuildPhase;
			buildActionMask = 2147483647;
			files = (
				5B4DF37EA249496E90AE92F6 /* CravingSelectionSerializationTests.swift in Sources */,
			);
			runOnlyForDeploymentPostprocessing = 0;
		};
		E99C9D59EC292950BA4E4E72 /* Sources */ = {
			isa = PBXSourcesBuildPhase;
			buildActionMask = 2147483647;
			files = (
				6A95C0097A867A225E31EDF5 /* Motion.swift in Sources */,
				04A68DD56BB569C4B41E8075 /* FavoritesView.swift in Sources */,
				BBB916717547DDA1668C4BBA /* DiscoveryMode.swift in Sources */,
				57B6E5AE416CC7924175DE73 /* InstallationID.swift in Sources */,
				BCB3A5AD491B585C4FECB2C6 /* PlacePreferencesStore.swift in Sources */,
				857D33720AF5D1C5D3D14575 /* RecentDecisionStore.swift in Sources */,
				5F0FAAE9818C48C93D355EFB /* APIClient.swift in Sources */,
				5B2BFF89B301FC7892E02C05 /* APIError.swift in Sources */,
				DCB0FD0C5F875D647570297F /* AnimatedMakanMascot.swift in Sources */,
				D4C8FC307C588E0A30A59333 /* AppRouter.swift in Sources */,
				14DAE224B34FB00D070E9E5C /* Copy.swift in Sources */,
				3227F61F965FA6369B0BCEA0 /* DebugLocationOverride.swift in Sources */,
				13F26D245255CED8F6F6D8F2 /* Endpoints.swift in Sources */,
				8A891FFE93ED86605C07CEC5 /* HomeView.swift in Sources */,
				BDE5AC420B525AEC087FC3C6 /* LocationPermissionView.swift in Sources */,
				4C7D3B0D11FFC89A4A41DC03 /* LocationService.swift in Sources */,
				8943264B97E2A61A5D50F61B /* MakanApaApp.swift in Sources */,
				657790745A0986B96D235782 /* MakanApaTopBar.swift in Sources */,
				BC94D94A231B1FF96C8005DF /* MakanChoiceTile.swift in Sources */,
				7E60E3F3BF179DCD9F515F06 /* MakanPrimaryButton.swift in Sources */,
				C8FD99C228734AC224823C66 /* MascotView.swift in Sources */,
				4FD8E9F424DE7D3DA24C4D3C /* MoodChoiceCard.swift in Sources */,
				7DF9C7AFC1C74E6D721D96BF /* MoodSelectionView.swift in Sources */,
				0090FB36643C7D71C4BE47DD /* Palette.swift in Sources */,
				568F9AC4F2AC6928C358E7C2 /* PreferenceActionFooter.swift in Sources */,
				669A792B87E4F4EFBF608FD5 /* PreferenceChoiceRow.swift in Sources */,
				6C5F9C7639CFB53541A3A0D7 /* PreferenceLoadingView.swift in Sources */,
				9F8FEBCEF0D562AFB788192D /* PreferenceProgressHeader.swift in Sources */,
				F43AB480E1DD9CEFBCA5BC8A /* PreferenceStepHeading.swift in Sources */,
				B4D505A8D9C37252D4C7354D /* PreferenceView.swift in Sources */,
				C71AFC17F937F6B8C4BB44E8 /* PricePresentation.swift in Sources */,
				72CD7F7BDC6576029CFAB2AE /* ResultView.swift in Sources */,
				B9970E5B3E021F59B98DDBAC /* SoloViewModel.swift in Sources */,
				6BD18ED6ACDA339474E3F6CE /* ThinkingChecklist.swift in Sources */,
				D9E3298186267729CEC217A0 /* Typography.swift in Sources */,
				0649DB4919CFAD5A3CFC1EBA /* MapsConfig.swift in Sources */,
				2CA2AA66B894F6436BB4695C /* NearbyViewModel.swift in Sources */,
				E85AC4C35311E38D93FB589D /* NearbyMapView.swift in Sources */,
				357F55F09E0733E4FC1D715E /* NearbyView.swift in Sources */,
				5C7FBB5938DCF9F9FDC8BBB6 /* SettingsView.swift in Sources */,
			);
			runOnlyForDeploymentPostprocessing = 0;
		};
/* End PBXSourcesBuildPhase section */

/* Begin PBXTargetDependency section */
		633DA59517E27607EB75A67D /* PBXTargetDependency */ = {
			isa = PBXTargetDependency;
			target = B88585201835D1B2EC84A334 /* MakanApa */;
			targetProxy = F19031B0CBA6752F7BE0662D /* PBXContainerItemProxy */;
		};
/* End PBXTargetDependency section */

/* Begin XCBuildConfiguration section */
		0193939EECF5D46C869AFB83 /* Debug */ = {
			isa = XCBuildConfiguration;
			buildSettings = {
				ASSETCATALOG_COMPILER_APPICON_NAME = AppIcon;
				CODE_SIGN_IDENTITY = "iPhone Developer";
				CURRENT_PROJECT_VERSION = 2;
				DEVELOPMENT_TEAM = 46798S8ZQT;
				GENERATE_INFOPLIST_FILE = YES;
				INFOPLIST_FILE = MakanApa/Info.plist;
				INFOPLIST_KEY_NSLocationWhenInUseUsageDescription = "MakanApa uses your location to find food store or restaurant nearby.";
				INFOPLIST_KEY_UIApplicationSceneManifest_Generation = YES;
				INFOPLIST_KEY_UIApplicationSupportsIndirectInputEvents = YES;
				INFOPLIST_KEY_UILaunchScreen_Generation = YES;
				INFOPLIST_KEY_UISupportedInterfaceOrientations = "UIInterfaceOrientationPortrait UIInterfaceOrientationPortraitUpsideDown UIInterfaceOrientationLandscapeLeft UIInterfaceOrientationLandscapeRight";
				INFOPLIST_KEY_UISupportedInterfaceOrientations_iPad = "UIInterfaceOrientationPortrait UIInterfaceOrientationPortraitUpsideDown UIInterfaceOrientationLandscapeLeft UIInterfaceOrientationLandscapeRight";
				LD_RUNPATH_SEARCH_PATHS = (
					"$(inherited)",
					"@executable_path/Frameworks",
				);
				MARKETING_VERSION = 1.0;
				PRODUCT_BUNDLE_IDENTIFIER = com.keirara.makanapa;
				SDKROOT = iphoneos;
				TARGETED_DEVICE_FAMILY = "1,2";
			};
			name = Debug;
		};
		2347A3A2EED9FD43CA8D8805 /* Release */ = {
			isa = XCBuildConfiguration;
			buildSettings = {
				ASSETCATALOG_COMPILER_APPICON_NAME = AppIcon;
				CODE_SIGN_IDENTITY = "iPhone Developer";
				CURRENT_PROJECT_VERSION = 2;
				DEVELOPMENT_TEAM = 46798S8ZQT;
				GENERATE_INFOPLIST_FILE = YES;
				INFOPLIST_FILE = MakanApa/Info.plist;
				INFOPLIST_KEY_NSLocationWhenInUseUsageDescription = "MakanApa uses your location to find food store or restaurant nearby.";
				INFOPLIST_KEY_UIApplicationSceneManifest_Generation = YES;
				INFOPLIST_KEY_UIApplicationSupportsIndirectInputEvents = YES;
				INFOPLIST_KEY_UILaunchScreen_Generation = YES;
				INFOPLIST_KEY_UISupportedInterfaceOrientations = "UIInterfaceOrientationPortrait UIInterfaceOrientationPortraitUpsideDown UIInterfaceOrientationLandscapeLeft UIInterfaceOrientationLandscapeRight";
				INFOPLIST_KEY_UISupportedInterfaceOrientations_iPad = "UIInterfaceOrientationPortrait UIInterfaceOrientationPortraitUpsideDown UIInterfaceOrientationLandscapeLeft UIInterfaceOrientationLandscapeRight";
				LD_RUNPATH_SEARCH_PATHS = (
					"$(inherited)",
					"@executable_path/Frameworks",
				);
				MARKETING_VERSION = 1.0;
				PRODUCT_BUNDLE_IDENTIFIER = com.keirara.makanapa;
				SDKROOT = iphoneos;
				TARGETED_DEVICE_FAMILY = "1,2";
			};
			name = Release;
		};
		7A46BEA306CA057EA5110A48 /* Release */ = {
			isa = XCBuildConfiguration;
			buildSettings = {
				BUNDLE_LOADER = "$(TEST_HOST)";
				GENERATE_INFOPLIST_FILE = YES;
				LD_RUNPATH_SEARCH_PATHS = (
					"$(inherited)",
					"@executable_path/Frameworks",
					"@loader_path/Frameworks",
				);
				PRODUCT_BUNDLE_IDENTIFIER = com.makanapa.MakanApaTests;
				SDKROOT = iphoneos;
				TARGETED_DEVICE_FAMILY = "1,2";
				TEST_HOST = "$(BUILT_PRODUCTS_DIR)/MakanApa.app/MakanApa";
			};
			name = Release;
		};
		A9329B640C88CAA2BE23EBE5 /* Debug */ = {
			isa = XCBuildConfiguration;
			buildSettings = {
				BUNDLE_LOADER = "$(TEST_HOST)";
				GENERATE_INFOPLIST_FILE = YES;
				LD_RUNPATH_SEARCH_PATHS = (
					"$(inherited)",
					"@executable_path/Frameworks",
					"@loader_path/Frameworks",
				);
				PRODUCT_BUNDLE_IDENTIFIER = com.makanapa.MakanApaTests;
				SDKROOT = iphoneos;
				TARGETED_DEVICE_FAMILY = "1,2";
				TEST_HOST = "$(BUILT_PRODUCTS_DIR)/MakanApa.app/MakanApa";
			};
			name = Debug;
		};
		DD8C78307D26EEE619CA392B /* Release */ = {
			isa = XCBuildConfiguration;
			buildSettings = {
				ALWAYS_SEARCH_USER_PATHS = NO;
				CLANG_ANALYZER_NONNULL = YES;
				CLANG_ANALYZER_NUMBER_OBJECT_CONVERSION = YES_AGGRESSIVE;
				CLANG_CXX_LANGUAGE_STANDARD = "gnu++14";
				CLANG_CXX_LIBRARY = "libc++";
				CLANG_ENABLE_MODULES = YES;
				CLANG_ENABLE_OBJC_ARC = YES;
				CLANG_ENABLE_OBJC_WEAK = YES;
				CLANG_WARN_BLOCK_CAPTURE_AUTORELEASING = YES;
				CLANG_WARN_BOOL_CONVERSION = YES;
				CLANG_WARN_COMMA = YES;
				CLANG_WARN_CONSTANT_CONVERSION = YES;
				CLANG_WARN_DEPRECATED_OBJC_IMPLEMENTATIONS = YES;
				CLANG_WARN_DIRECT_OBJC_ISA_USAGE = YES_ERROR;
				CLANG_WARN_DOCUMENTATION_COMMENTS = YES;
				CLANG_WARN_EMPTY_BODY = YES;
				CLANG_WARN_ENUM_CONVERSION = YES;
				CLANG_WARN_INFINITE_RECURSION = YES;
				CLANG_WARN_INT_CONVERSION = YES;
				CLANG_WARN_NON_LITERAL_NULL_CONVERSION = YES;
				CLANG_WARN_OBJC_IMPLICIT_RETAIN_SELF = YES;
				CLANG_WARN_OBJC_LITERAL_CONVERSION = YES;
				CLANG_WARN_OBJC_ROOT_CLASS = YES_ERROR;
				CLANG_WARN_QUOTED_INCLUDE_IN_FRAMEWORK_HEADER = YES;
				CLANG_WARN_RANGE_LOOP_ANALYSIS = YES;
				CLANG_WARN_STRICT_PROTOTYPES = YES;
				CLANG_WARN_SUSPICIOUS_MOVE = YES;
				CLANG_WARN_UNGUARDED_AVAILABILITY = YES_AGGRESSIVE;
				CLANG_WARN_UNREACHABLE_CODE = YES;
				CLANG_WARN__DUPLICATE_METHOD_MATCH = YES;
				COPY_PHASE_STRIP = NO;
				DEBUG_INFORMATION_FORMAT = "dwarf-with-dsym";
				ENABLE_NS_ASSERTIONS = NO;
				ENABLE_STRICT_OBJC_MSGSEND = YES;
				GCC_C_LANGUAGE_STANDARD = gnu11;
				GCC_NO_COMMON_BLOCKS = YES;
				GCC_WARN_64_TO_32_BIT_CONVERSION = YES;
				GCC_WARN_ABOUT_RETURN_TYPE = YES_ERROR;
				GCC_WARN_UNDECLARED_SELECTOR = YES;
				GCC_WARN_UNINITIALIZED_AUTOS = YES_AGGRESSIVE;
				GCC_WARN_UNUSED_FUNCTION = YES;
				GCC_WARN_UNUSED_VARIABLE = YES;
				IPHONEOS_DEPLOYMENT_TARGET = 18.0;
				MTL_ENABLE_DEBUG_INFO = NO;
				MTL_FAST_MATH = YES;
				PRODUCT_NAME = "$(TARGET_NAME)";
				SDKROOT = iphoneos;
				SWIFT_COMPILATION_MODE = wholemodule;
				SWIFT_OPTIMIZATION_LEVEL = "-O";
				SWIFT_VERSION = 6.0;
			};
			name = Release;
		};
		FC89FB1D52BC9ED515D4E30D /* Debug */ = {
			isa = XCBuildConfiguration;
			buildSettings = {
				ALWAYS_SEARCH_USER_PATHS = NO;
				CLANG_ANALYZER_NONNULL = YES;
				CLANG_ANALYZER_NUMBER_OBJECT_CONVERSION = YES_AGGRESSIVE;
				CLANG_CXX_LANGUAGE_STANDARD = "gnu++14";
				CLANG_CXX_LIBRARY = "libc++";
				CLANG_ENABLE_MODULES = YES;
				CLANG_ENABLE_OBJC_ARC = YES;
				CLANG_ENABLE_OBJC_WEAK = YES;
				CLANG_WARN_BLOCK_CAPTURE_AUTORELEASING = YES;
				CLANG_WARN_BOOL_CONVERSION = YES;
				CLANG_WARN_COMMA = YES;
				CLANG_WARN_CONSTANT_CONVERSION = YES;
				CLANG_WARN_DEPRECATED_OBJC_IMPLEMENTATIONS = YES;
				CLANG_WARN_DIRECT_OBJC_ISA_USAGE = YES_ERROR;
				CLANG_WARN_DOCUMENTATION_COMMENTS = YES;
				CLANG_WARN_EMPTY_BODY = YES;
				CLANG_WARN_ENUM_CONVERSION = YES;
				CLANG_WARN_INFINITE_RECURSION = YES;
				CLANG_WARN_INT_CONVERSION = YES;
				CLANG_WARN_NON_LITERAL_NULL_CONVERSION = YES;
				CLANG_WARN_OBJC_IMPLICIT_RETAIN_SELF = YES;
				CLANG_WARN_OBJC_LITERAL_CONVERSION = YES;
				CLANG_WARN_OBJC_ROOT_CLASS = YES_ERROR;
				CLANG_WARN_QUOTED_INCLUDE_IN_FRAMEWORK_HEADER = YES;
				CLANG_WARN_RANGE_LOOP_ANALYSIS = YES;
				CLANG_WARN_STRICT_PROTOTYPES = YES;
				CLANG_WARN_SUSPICIOUS_MOVE = YES;
				CLANG_WARN_UNGUARDED_AVAILABILITY = YES_AGGRESSIVE;
				CLANG_WARN_UNREACHABLE_CODE = YES;
				CLANG_WARN__DUPLICATE_METHOD_MATCH = YES;
				COPY_PHASE_STRIP = NO;
				DEBUG_INFORMATION_FORMAT = dwarf;
				ENABLE_STRICT_OBJC_MSGSEND = YES;
				ENABLE_TESTABILITY = YES;
				GCC_C_LANGUAGE_STANDARD = gnu11;
				GCC_DYNAMIC_NO_PIC = NO;
				GCC_NO_COMMON_BLOCKS = YES;
				GCC_OPTIMIZATION_LEVEL = 0;
				GCC_PREPROCESSOR_DEFINITIONS = (
					"$(inherited)",
					"DEBUG=1",
				);
				GCC_WARN_64_TO_32_BIT_CONVERSION = YES;
				GCC_WARN_ABOUT_RETURN_TYPE = YES_ERROR;
				GCC_WARN_UNDECLARED_SELECTOR = YES;
				GCC_WARN_UNINITIALIZED_AUTOS = YES_AGGRESSIVE;
				GCC_WARN_UNUSED_FUNCTION = YES;
				GCC_WARN_UNUSED_VARIABLE = YES;
				IPHONEOS_DEPLOYMENT_TARGET = 18.0;
				MTL_ENABLE_DEBUG_INFO = INCLUDE_SOURCE;
				MTL_FAST_MATH = YES;
				ONLY_ACTIVE_ARCH = YES;
				PRODUCT_NAME = "$(TARGET_NAME)";
				SDKROOT = iphoneos;
				SWIFT_ACTIVE_COMPILATION_CONDITIONS = DEBUG;
				SWIFT_OPTIMIZATION_LEVEL = "-Onone";
				SWIFT_VERSION = 6.0;
			};
			name = Debug;
		};
/* End XCBuildConfiguration section */

/* Begin XCConfigurationList section */
		0AB6A93803AB4014696B30CC /* Build configuration list for PBXNativeTarget "MakanApa" */ = {
			isa = XCConfigurationList;
			buildConfigurations = (
				0193939EECF5D46C869AFB83 /* Debug */,
				2347A3A2EED9FD43CA8D8805 /* Release */,
			);
			defaultConfigurationIsVisible = 0;
			defaultConfigurationName = Debug;
		};
		6335CE12654D38553C4DBEC2 /* Build configuration list for PBXNativeTarget "MakanApaTests" */ = {
			isa = XCConfigurationList;
			buildConfigurations = (
				A9329B640C88CAA2BE23EBE5 /* Debug */,
				7A46BEA306CA057EA5110A48 /* Release */,
			);
			defaultConfigurationIsVisible = 0;
			defaultConfigurationName = Debug;
		};
		F5A59F5F6EB6B79353C6264D /* Build configuration list for PBXProject "MakanApa" */ = {
			isa = XCConfigurationList;
			buildConfigurations = (
				FC89FB1D52BC9ED515D4E30D /* Debug */,
				DD8C78307D26EEE619CA392B /* Release */,
			);
			defaultConfigurationIsVisible = 0;
			defaultConfigurationName = Debug;
		};
/* End XCConfigurationList section */

/* Begin XCRemoteSwiftPackageReference section */
		10FFDD2A10D57BDF1BB1FD01 /* XCRemoteSwiftPackageReference "ios-maps-sdk" */ = {
			isa = XCRemoteSwiftPackageReference;
			repositoryURL = "https://github.com/googlemaps/ios-maps-sdk";
			requirement = {
				kind = upToNextMajorVersion;
				minimumVersion = 11.1.0;
			};
		};
/* End XCRemoteSwiftPackageReference section */

/* Begin XCSwiftPackageProductDependency section */
		2A55BF6BCA7D5A735ED224F9 /* GoogleMaps */ = {
			isa = XCSwiftPackageProductDependency;
			package = 10FFDD2A10D57BDF1BB1FD01 /* XCRemoteSwiftPackageReference "ios-maps-sdk" */;
			productName = GoogleMaps;
		};
/* End XCSwiftPackageProductDependency section */
	};
	rootObject = 14648CA29CBC730A0EF22059 /* Project object */;
}
